// !$*UTF8*$!
{
	archiveVersion = 1;
	classes = {
	};
	objectVersion = 46;
	objects = {

/* Begin PBXBuildFile section */
		C066EB731C05948E002390E6 /* main.m in Sources */ = {isa = PBXBuildFile; fileRef = C066EB721C05948E002390E6 /* main.m */; };
		C066EB761C05948E002390E6 /* AppDelegate.m in Sources */ = {isa = PBXBuildFile; fileRef = C066EB751C05948E002390E6 /* AppDelegate.m */; };
		C066EB791C05948E002390E6 /* ViewController.m in Sources */ = {isa = PBXBuildFile; fileRef = C066EB781C05948E002390E6 /* ViewController.m */; };
		C066EB7C1C05948E002390E6 /* Main.storyboard in Resources */ = {isa = PBXBuildFile; fileRef = C066EB7A1C05948E002390E6 /* Main.storyboard */; };
		C066EB7E1C05948E002390E6 /* Assets.xcassets in Resources */ = {isa = PBXBuildFile; fileRef = C066EB7D1C05948E002390E6 /* Assets.xcassets */; };
		C066EB811C05948E002390E6 /* LaunchScreen.storyboard in Resources */ = {isa = PBXBuildFile; fileRef = C066EB7F1C05948E002390E6 /* LaunchScreen.storyboard */; };
		C066EBAE1C05B423002390E6 /* CALayer+FastKit.m in Sources */ = {isa = PBXBuildFile; fileRef = C066EBA61C05B423002390E6 /* CALayer+FastKit.m */; };
		C066EBAF1C05B423002390E6 /* UIScrollView+FastKit.m in Sources */ = {isa = PBXBuildFile; fileRef = C066EBA91C05B423002390E6 /* UIScrollView+FastKit.m */; };
		C066EBB01C05B423002390E6 /* UITextView+FastKit.m in Sources */ = {isa = PBXBuildFile; fileRef = C066EBAB1C05B423002390E6 /* UITextView+FastKit.m */; };
		C066EBB11C05B423002390E6 /* UIView+FastKit.m in Sources */ = {isa = PBXBuildFile; fileRef = C066EBAD1C05B423002390E6 /* UIView+FastKit.m */; };
		C06C70FA1C07F40B007B7CAC /* NSString+FastKit.m in Sources */ = {isa = PBXBuildFile; fileRef = C06C70F91C07F40B007B7CAC /* NSString+FastKit.m */; };
		C06C70FD1C07F41C007B7CAC /* NSDictionary+FastKit.m in Sources */ = {isa = PBXBuildFile; fileRef = C06C70FC1C07F41C007B7CAC /* NSDictionary+FastKit.m */; };
		C06C71001C07F42E007B7CAC /* NSArray+FastKit.m in Sources */ = {isa = PBXBuildFile; fileRef = C06C70FF1C07F42E007B7CAC /* NSArray+FastKit.m */; };
		C06C71031C07F442007B7CAC /* NSDate+FastKit.m in Sources */ = {isa = PBXBuildFile; fileRef = C06C71021C07F442007B7CAC /* NSDate+FastKit.m */; };
		C06C71061C07F479007B7CAC /* UILabel+FastKit.m in Sources */ = {isa = PBXBuildFile; fileRef = C06C71051C07F479007B7CAC /* UILabel+FastKit.m */; };
		C06C71091C07F489007B7CAC /* UIImage+FastKit.m in Sources */ = {isa = PBXBuildFile; fileRef = C06C71081C07F489007B7CAC /* UIImage+FastKit.m */; };
		C06C710C1C07F499007B7CAC /* UIColor+FastKit.m in Sources */ = {isa = PBXBuildFile; fileRef = C06C710B1C07F499007B7CAC /* UIColor+FastKit.m */; };
		C06C71101C081E54007B7CAC /* CGUtilities.m in Sources */ = {isa = PBXBuildFile; fileRef = C06C710E1C081E54007B7CAC /* CGUtilities.m */; };
		C06C71401C0827F1007B7CAC /* UIButton+FastKit.m in Sources */ = {isa = PBXBuildFile; fileRef = C06C713F1C0827F1007B7CAC /* UIButton+FastKit.m */; };
		C06C71431C082F2D007B7CAC /* UIDevice+FastKit.m in Sources */ = {isa = PBXBuildFile; fileRef = C06C71421C082F2D007B7CAC /* UIDevice+FastKit.m */; };
		C07AC7C71C72BB6900032BB1 /* NSTimer+FastKit.m in Sources */ = {isa = PBXBuildFile; fileRef = C07AC7C61C72BB6900032BB1 /* NSTimer+FastKit.m */; };
/* End PBXBuildFile section */

/* Begin PBXFileReference section */
		C066EB6E1C05948E002390E6 /* FastKitDemo.app */ = {isa = PBXFileReference; explicitFileType = wrapper.application; includeInIndex = 0; path = FastKitDemo.app; sourceTree = BUILT_PRODUCTS_DIR; };
		C066EB721C05948E002390E6 /* main.m */ = {isa = PBXFileReference; lastKnownFileType = sourcecode.c.objc; path = main.m; sourceTree = "<group>"; };
		C066EB741C05948E002390E6 /* AppDelegate.h */ = {isa = PBXFileReference; lastKnownFileType = sourcecode.c.h; path = AppDelegate.h; sourceTree = "<group>"; };
		C066EB751C05948E002390E6 /* AppDelegate.m */ = {isa = PBXFileReference; lastKnownFileType = sourcecode.c.objc; path = AppDelegate.m; sourceTree = "<group>"; };
		C066EB771C05948E002390E6 /* ViewController.h */ = {isa = PBXFileReference; lastKnownFileType = sourcecode.c.h; path = ViewController.h; sourceTree = "<group>"; };
		C066EB781C05948E002390E6 /* ViewController.m */ = {isa = PBXFileReference; lastKnownFileType = sourcecode.c.objc; path = ViewController.m; sourceTree = "<group>"; };
		C066EB7B1C05948E002390E6 /* Base */ = {isa = PBXFileReference; lastKnownFileType = file.storyboard; name = Base; path = Base.lproj/Main.storyboard; sourceTree = "<group>"; };
		C066EB7D1C05948E002390E6 /* Assets.xcassets */ = {isa = PBXFileReference; lastKnownFileType = folder.assetcatalog; path = Assets.xcassets; sourceTree = "<group>"; };
		C066EB801C05948E002390E6 /* Base */ = {isa = PBXFileReference; lastKnownFileType = file.storyboard; name = Base; path = Base.lproj/LaunchScreen.storyboard; sourceTree = "<group>"; };
		C066EB821C05948E002390E6 /* Info.plist */ = {isa = PBXFileReference; lastKnownFileType = text.plist.xml; path = Info.plist; sourceTree = "<group>"; };
		C066EBA51C05B423002390E6 /* CALayer+FastKit.h */ = {isa = PBXFileReference; fileEncoding = 4; lastKnownFileType = sourcecode.c.h; path = "CALayer+FastKit.h"; sourceTree = "<group>"; };
		C066EBA61C05B423002390E6 /* CALayer+FastKit.m */ = {isa = PBXFileReference; fileEncoding = 4; lastKnownFileType = sourcecode.c.objc; path = "CALayer+FastKit.m"; sourceTree = "<group>"; };
		C066EBA81C05B423002390E6 /* UIScrollView+FastKit.h */ = {isa = PBXFileReference; fileEncoding = 4; lastKnownFileType = sourcecode.c.h; path = "UIScrollView+FastKit.h"; sourceTree = "<group>"; };
		C066EBA91C05B423002390E6 /* UIScrollView+FastKit.m */ = {isa = PBXFileReference; fileEncoding = 4; lastKnownFileType = sourcecode.c.objc; path = "UIScrollView+FastKit.m"; sourceTree = "<group>"; };
		C066EBAA1C05B423002390E6 /* UITextView+FastKit.h */ = {isa = PBXFileReference; fileEncoding = 4; lastKnownFileType = sourcecode.c.h; path = "UITextView+FastKit.h"; sourceTree = "<group>"; };
		C066EBAB1C05B423002390E6 /* UITextView+FastKit.m */ = {isa = PBXFileReference; fileEncoding = 4; lastKnownFileType = sourcecode.c.objc; path = "UITextView+FastKit.m"; sourceTree = "<group>"; };
		C066EBAC1C05B423002390E6 /* UIView+FastKit.h */ = {isa = PBXFileReference; fileEncoding = 4; lastKnownFileType = sourcecode.c.h; path = "UIView+FastKit.h"; sourceTree = "<group>"; };
		C066EBAD1C05B423002390E6 /* UIView+FastKit.m */ = {isa = PBXFileReference; fileEncoding = 4; lastKnownFileType = sourcecode.c.objc; path = "UIView+FastKit.m"; sourceTree = "<group>"; };
		C06C70F81C07F40B007B7CAC /* NSString+FastKit.h */ = {isa = PBXFileReference; fileEncoding = 4; lastKnownFileType = sourcecode.c.h; path = "NSString+FastKit.h"; sourceTree = "<group>"; };
		C06C70F91C07F40B007B7CAC /* NSString+FastKit.m */ = {isa = PBXFileReference; fileEncoding = 4; lastKnownFileType = sourcecode.c.objc; path = "NSString+FastKit.m"; sourceTree = "<group>"; };
		C06C70FB1C07F41C007B7CAC /* NSDictionary+FastKit.h */ = {isa = PBXFileReference; fileEncoding = 4; lastKnownFileType = sourcecode.c.h; path = "NSDictionary+FastKit.h"; sourceTree = "<group>"; };
		C06C70FC1C07F41C007B7CAC /* NSDictionary+FastKit.m */ = {isa = PBXFileReference; fileEncoding = 4; lastKnownFileType = sourcecode.c.objc; path = "NSDictionary+FastKit.m"; sourceTree = "<group>"; };
		C06C70FE1C07F42E007B7CAC /* NSArray+FastKit.h */ = {isa = PBXFileReference; fileEncoding = 4; lastKnownFileType = sourcecode.c.h; path = "NSArray+FastKit.h"; sourceTree = "<group>"; };
		C06C70FF1C07F42E007B7CAC /* NSArray+FastKit.m */ = {isa = PBXFileReference; fileEncoding = 4; lastKnownFileType = sourcecode.c.objc; path = "NSArray+FastKit.m"; sourceTree = "<group>"; };
		C06C71011C07F442007B7CAC /* NSDate+FastKit.h */ = {isa = PBXFileReference; fileEncoding = 4; lastKnownFileType = sourcecode.c.h; path = "NSDate+FastKit.h"; sourceTree = "<group>"; };
		C06C71021C07F442007B7CAC /* NSDate+FastKit.m */ = {isa = PBXFileReference; fileEncoding = 4; lastKnownFileType = sourcecode.c.objc; path = "NSDate+FastKit.m"; sourceTree = "<group>"; };
		C06C71041C07F479007B7CAC /* UILabel+FastKit.h */ = {isa = PBXFileReference; fileEncoding = 4; lastKnownFileType = sourcecode.c.h; path = "UILabel+FastKit.h"; sourceTree = "<group>"; };
		C06C71051C07F479007B7CAC /* UILabel+FastKit.m */ = {isa = PBXFileReference; fileEncoding = 4; lastKnownFileType = sourcecode.c.objc; path = "UILabel+FastKit.m"; sourceTree = "<group>"; };
		C06C71071C07F489007B7CAC /* UIImage+FastKit.h */ = {isa = PBXFileReference; fileEncoding = 4; lastKnownFileType = sourcecode.c.h; path = "UIImage+FastKit.h"; sourceTree = "<group>"; };
		C06C71081C07F489007B7CAC /* UIImage+FastKit.m */ = {isa = PBXFileReference; fileEncoding = 4; lastKnownFileType = sourcecode.c.objc; path = "UIImage+FastKit.m"; sourceTree = "<group>"; };
		C06C710A1C07F499007B7CAC /* UIColor+FastKit.h */ = {isa = PBXFileReference; fileEncoding = 4; lastKnownFileType = sourcecode.c.h; path = "UIColor+FastKit.h"; sourceTree = "<group>"; };
		C06C710B1C07F499007B7CAC /* UIColor+FastKit.m */ = {isa = PBXFileReference; fileEncoding = 4; lastKnownFileType = sourcecode.c.objc; path = "UIColor+FastKit.m"; sourceTree = "<group>"; };
		C06C710D1C081E3A007B7CAC /* CGUtilities.h */ = {isa = PBXFileReference; lastKnownFileType = sourcecode.c.h; path = CGUtilities.h; sourceTree = "<group>"; };
		C06C710E1C081E54007B7CAC /* CGUtilities.m */ = {isa = PBXFileReference; fileEncoding = 4; lastKnownFileType = sourcecode.c.objc; path = CGUtilities.m; sourceTree = "<group>"; };
		C06C71111C081F33007B7CAC /* FastKit.h */ = {isa = PBXFileReference; lastKnownFileType = sourcecode.c.h; path = FastKit.h; sourceTree = "<group>"; };
		C06C713E1C0827F1007B7CAC /* UIButton+FastKit.h */ = {isa = PBXFileReference; fileEncoding = 4; lastKnownFileType = sourcecode.c.h; path = "UIButton+FastKit.h"; sourceTree = "<group>"; };
		C06C713F1C0827F1007B7CAC /* UIButton+FastKit.m */ = {isa = PBXFileReference; fileEncoding = 4; lastKnownFileType = sourcecode.c.objc; path = "UIButton+FastKit.m"; sourceTree = "<group>"; };
		C06C71411C082F2D007B7CAC /* UIDevice+FastKit.h */ = {isa = PBXFileReference; fileEncoding = 4; lastKnownFileType = sourcecode.c.h; path = "UIDevice+FastKit.h"; sourceTree = "<group>"; };
		C06C71421C082F2D007B7CAC /* UIDevice+FastKit.m */ = {isa = PBXFileReference; fileEncoding = 4; lastKnownFileType = sourcecode.c.objc; path = "UIDevice+FastKit.m"; sourceTree = "<group>"; };
		C06C714A1C0832D4007B7CAC /* FastKitMacro.h */ = {isa = PBXFileReference; lastKnownFileType = sourcecode.c.h; path = FastKitMacro.h; sourceTree = "<group>"; };
		C07AC7C51C72BB6900032BB1 /* NSTimer+FastKit.h */ = {isa = PBXFileReference; fileEncoding = 4; lastKnownFileType = sourcecode.c.h; path = "NSTimer+FastKit.h"; sourceTree = "<group>"; };
		C07AC7C61C72BB6900032BB1 /* NSTimer+FastKit.m */ = {isa = PBXFileReference; fileEncoding = 4; lastKnownFileType = sourcecode.c.objc; path = "NSTimer+FastKit.m"; sourceTree = "<group>"; };
/* End PBXFileReference section */

/* Begin PBXFrameworksBuildPhase section */
		C066EB6B1C05948E002390E6 /* Frameworks */ = {
			isa = PBXFrameworksBuildPhase;
			buildActionMask = 2147483647;
			files = (
			);
			runOnlyForDeploymentPostprocessing = 0;
		};
/* End PBXFrameworksBuildPhase section */

/* Begin PBXGroup section */
		C066EB651C05948E002390E6 = {
			isa = PBXGroup;
			children = (
				C066EB701C05948E002390E6 /* FastKitDemo */,
				C066EB6F1C05948E002390E6 /* Products */,
			);
			sourceTree = "<group>";
		};
		C066EB6F1C05948E002390E6 /* Products */ = {
			isa = PBXGroup;
			children = (
				C066EB6E1C05948E002390E6 /* FastKitDemo.app */,
			);
			name = Products;
			sourceTree = "<group>";
		};
		C066EB701C05948E002390E6 /* FastKitDemo */ = {
			isa = PBXGroup;
			children = (
				C066EBA21C05B423002390E6 /* FastKit */,
				C066EB741C05948E002390E6 /* AppDelegate.h */,
				C066EB751C05948E002390E6 /* AppDelegate.m */,
				C066EB771C05948E002390E6 /* ViewController.h */,
				C066EB781C05948E002390E6 /* ViewController.m */,
				C066EB7A1C05948E002390E6 /* Main.storyboard */,
				C066EB7D1C05948E002390E6 /* Assets.xcassets */,
				C066EB7F1C05948E002390E6 /* LaunchScreen.storyboard */,
				C066EB821C05948E002390E6 /* Info.plist */,
				C066EB711C05948E002390E6 /* Supporting Files */,
			);
			path = FastKitDemo;
			sourceTree = "<group>";
		};
		C066EB711C05948E002390E6 /* Supporting Files */ = {
			isa = PBXGroup;
			children = (
				C066EB721C05948E002390E6 /* main.m */,
			);
			name = "Supporting Files";
			sourceTree = "<group>";
		};
		C066EBA21C05B423002390E6 /* FastKit */ = {
			isa = PBXGroup;
			children = (
				C066EBA31C05B423002390E6 /* Foundation */,
				C066EBA41C05B423002390E6 /* Quartz */,
				C066EBA71C05B423002390E6 /* UIKit */,
				C06C71111C081F33007B7CAC /* FastKit.h */,
				C06C714A1C0832D4007B7CAC /* FastKitMacro.h */,
			);
			name = FastKit;
			path = ../../FastKit;
			sourceTree = "<group>";
		};
		C066EBA31C05B423002390E6 /* Foundation */ = {
			isa = PBXGroup;
			children = (
				C06C70F81C07F40B007B7CAC /* NSString+FastKit.h */,
				C06C70F91C07F40B007B7CAC /* NSString+FastKit.m */,
				C06C70FB1C07F41C007B7CAC /* NSDictionary+FastKit.h */,
				C06C70FC1C07F41C007B7CAC /* NSDictionary+FastKit.m */,
				C06C70FE1C07F42E007B7CAC /* NSArray+FastKit.h */,
				C06C70FF1C07F42E007B7CAC /* NSArray+FastKit.m */,
				C06C71011C07F442007B7CAC /* NSDate+FastKit.h */,
				C06C71021C07F442007B7CAC /* NSDate+FastKit.m */,
				C07AC7C51C72BB6900032BB1 /* NSTimer+FastKit.h */,
				C07AC7C61C72BB6900032BB1 /* NSTimer+FastKit.m */,
			);
			path = Foundation;
			sourceTree = "<group>";
		};
		C066EBA41C05B423002390E6 /* Quartz */ = {
			isa = PBXGroup;
			children = (
				C066EBA51C05B423002390E6 /* CALayer+FastKit.h */,
				C066EBA61C05B423002390E6 /* CALayer+FastKit.m */,
				C06C710D1C081E3A007B7CAC /* CGUtilities.h */,
				C06C710E1C081E54007B7CAC /* CGUtilities.m */,
			);
			path = Quartz;
			sourceTree = "<group>";
		};
		C066EBA71C05B423002390E6 /* UIKit */ = {
			isa = PBXGroup;
			children = (
				C066EBA81C05B423002390E6 /* UIScrollView+FastKit.h */,
				C066EBA91C05B423002390E6 /* UIScrollView+FastKit.m */,
				C066EBAA1C05B423002390E6 /* UITextView+FastKit.h */,
				C066EBAB1C05B423002390E6 /* UITextView+FastKit.m */,
				C066EBAC1C05B423002390E6 /* UIView+FastKit.h */,
				C066EBAD1C05B423002390E6 /* UIView+FastKit.m */,
				C06C71041C07F479007B7CAC /* UILabel+FastKit.h */,
				C06C71051C07F479007B7CAC /* UILabel+FastKit.m */,
				C06C71071C07F489007B7CAC /* UIImage+FastKit.h */,
				C06C71081C07F489007B7CAC /* UIImage+FastKit.m */,
				C06C710A1C07F499007B7CAC /* UIColor+FastKit.h */,
				C06C710B1C07F499007B7CAC /* UIColor+FastKit.m */,
				C06C713E1C0827F1007B7CAC /* UIButton+FastKit.h */,
				C06C713F1C0827F1007B7CAC /* UIButton+FastKit.m */,
				C06C71411C082F2D007B7CAC /* UIDevice+FastKit.h */,
				C06C71421C082F2D007B7CAC /* UIDevice+FastKit.m */,
			);
			path = UIKit;
			sourceTree = "<group>";
		};
/* End PBXGroup section */

/* Begin PBXNativeTarget section */
		C066EB6D1C05948E002390E6 /* FastKitDemo */ = {
			isa = PBXNativeTarget;
			buildConfigurationList = C066EB851C05948E002390E6 /* Build configuration list for PBXNativeTarget "FastKitDemo" */;
			buildPhases = (
				C066EB6A1C05948E002390E6 /* Sources */,
				C066EB6B1C05948E002390E6 /* Frameworks */,
				C066EB6C1C05948E002390E6 /* Resources */,
			);
			buildRules = (
			);
			dependencies = (
			);
			name = FastKitDemo;
			productName = FastKitDemo;
			productReference = C066EB6E1C05948E002390E6 /* FastKitDemo.app */;
			productType = "com.apple.product-type.application";
		};
/* End PBXNativeTarget section */

/* Begin PBXProject section */
		C066EB661C05948E002390E6 /* Project object */ = {
			isa = PBXProject;
			attributes = {
				LastUpgradeCheck = 0710;
				ORGANIZATIONNAME = "xx-li";
				TargetAttributes = {
					C066EB6D1C05948E002390E6 = {
						CreatedOnToolsVersion = 7.1;
					};
				};
			};
			buildConfigurationList = C066EB691C05948E002390E6 /* Build configuration list for PBXProject "FastKitDemo" */;
			compatibilityVersion = "Xcode 3.2";
			developmentRegion = English;
			hasScannedForEncodings = 0;
			knownRegions = (
				en,
				Base,
			);
			mainGroup = C066EB651C05948E002390E6;
			productRefGroup = C066EB6F1C05948E002390E6 /* Products */;
			projectDirPath = "";
			projectRoot = "";
			targets = (
				C066EB6D1C05948E002390E6 /* FastKitDemo */,
			);
		};
/* End PBXProject section */

/* Begin PBXResourcesBuildPhase section */
		C066EB6C1C05948E002390E6 /* Resources */ = {
			isa = PBXResourcesBuildPhase;
			buildActionMask = 2147483647;
			files = (
				C066EB811C05948E002390E6 /* LaunchScreen.storyboard in Resources */,
				C066EB7E1C05948E002390E6 /* Assets.xcassets in Resources */,
				C066EB7C1C05948E002390E6 /* Main.storyboard in Resources */,
			);
			runOnlyForDeploymentPostprocessing = 0;
		};
/* End PBXResourcesBuildPhase section */

/* Begin PBXSourcesBuildPhase section */
		C066EB6A1C05948E002390E6 /* Sources */ = {
			isa = PBXSourcesBuildPhase;
			buildActionMask = 2147483647;
			files = (
				C06C710C1C07F499007B7CAC /* UIColor+FastKit.m in Sources */,
				C066EBB01C05B423002390E6 /* UITextView+FastKit.m in Sources */,
				C066EB791C05948E002390E6 /* ViewController.m in Sources */,
				C066EB761C05948E002390E6 /* AppDelegate.m in Sources */,
				C066EBB11C05B423002390E6 /* UIView+FastKit.m in Sources */,
				C06C71091C07F489007B7CAC /* UIImage+FastKit.m in Sources */,
				C066EBAF1C05B423002390E6 /* UIScrollView+FastKit.m in Sources */,
				C06C71031C07F442007B7CAC /* NSDate+FastKit.m in Sources */,
				C06C71401C0827F1007B7CAC /* UIButton+FastKit.m in Sources */,
				C06C70FD1C07F41C007B7CAC /* NSDictionary+FastKit.m in Sources */,
				C06C71061C07F479007B7CAC /* UILabel+FastKit.m in Sources */,
				C06C71001C07F42E007B7CAC /* NSArray+FastKit.m in Sources */,
				C066EBAE1C05B423002390E6 /* CALayer+FastKit.m in Sources */,
				C07AC7C71C72BB6900032BB1 /* NSTimer+FastKit.m in Sources */,
				C06C71101C081E54007B7CAC /* CGUtilities.m in Sources */,
				C06C70FA1C07F40B007B7CAC /* NSString+FastKit.m in Sources */,
				C06C71431C082F2D007B7CAC /* UIDevice+FastKit.m in Sources */,
				C066EB731C05948E002390E6 /* main.m in Sources */,
			);
			runOnlyForDeploymentPostprocessing = 0;
		};
/* End PBXSourcesBuildPhase section */

/* Begin PBXVariantGroup section */
		C066EB7A1C05948E002390E6 /* Main.storyboard */ = {
			isa = PBXVariantGroup;
			children = (
				C066EB7B1C05948E002390E6 /* Base */,
			);
			name = Main.storyboard;
			sourceTree = "<group>";
		};
		C066EB7F1C05948E002390E6 /* LaunchScreen.storyboard */ = {
			isa = PBXVariantGroup;
			children = (
				C066EB801C05948E002390E6 /* Base */,
			);
			name = LaunchScreen.storyboard;
			sourceTree = "<group>";
		};
/* End PBXVariantGroup section */

/* Begin XCBuildConfiguration section */
		C066EB831C05948E002390E6 /* Debug */ = {
			isa = XCBuildConfiguration;
			buildSettings = {
				ALWAYS_SEARCH_USER_PATHS = NO;
				CLANG_CXX_LANGUAGE_STANDARD = "gnu++0x";
				CLANG_CXX_LIBRARY = "libc++";
				CLANG_ENABLE_MODULES = YES;
				CLANG_ENABLE_OBJC_ARC = YES;
				CLANG_WARN_BOOL_CONVERSION = YES;
				CLANG_WARN_CONSTANT_CONVERSION = YES;
				CLANG_WARN_DIRECT_OBJC_ISA_USAGE = YES_ERROR;
				CLANG_WARN_EMPTY_BODY = YES;
				CLANG_WARN_ENUM_CONVERSION = YES;
				CLANG_WARN_INT_CONVERSION = YES;
				CLANG_WARN_OBJC_ROOT_CLASS = YES_ERROR;
				CLANG_WARN_UNREACHABLE_CODE = YES;
				CLANG_WARN__DUPLICATE_METHOD_MATCH = YES;
				"CODE_SIGN_IDENTITY[sdk=iphoneos*]" = "iPhone Developer";
				COPY_PHASE_STRIP = NO;
				DEBUG_INFORMATION_FORMAT = dwarf;
				ENABLE_STRICT_OBJC_MSGSEND = YES;
				ENABLE_TESTABILITY = YES;
				GCC_C_LANGUAGE_STANDARD = gnu99;
				GCC_DYNAMIC_NO_PIC = NO;
				GCC_NO_COMMON_BLOCKS = YES;
				GCC_OPTIMIZATION_LEVEL = 0;
				GCC_PREPROCESSOR_DEFINITIONS = (
					"DEBUG=1",
					"$(inherited)",
				);
				GCC_WARN_64_TO_32_BIT_CONVERSION = YES;
				GCC_WARN_ABOUT_RETURN_TYPE = YES_ERROR;
				GCC_WARN_UNDECLARED_SELECTOR = YES;
				GCC_WARN_UNINITIALIZED_AUTOS = YES_AGGRESSIVE;
				GCC_WARN_UNUSED_FUNCTION = YES;
				GCC_WARN_UNUSED_VARIABLE = YES;
				IPHONEOS_DEPLOYMENT_TARGET = 9.1;
				MTL_ENABLE_DEBUG_INFO = YES;
				ONLY_ACTIVE_ARCH = YES;
				SDKROOT = iphoneos;
				TARGETED_DEVICE_FAMILY = "1,2";
			};
			name = Debug;
		};
		C066EB841C05948E002390E6 /* Release */ = {
			isa = XCBuildConfiguration;
			buildSettings = {
				ALWAYS_SEARCH_USER_PATHS = NO;
				CLANG_CXX_LANGUAGE_STANDARD = "gnu++0x";
				CLANG_CXX_LIBRARY = "libc++";
				CLANG_ENABLE_MODULES = YES;
				CLANG_ENABLE_OBJC_ARC = YES;
				CLANG_WARN_BOOL_CONVERSION = YES;
				CLANG_WARN_CONSTANT_CONVERSION = YES;
				CLANG_WARN_DIRECT_OBJC_ISA_USAGE = YES_ERROR;
				CLANG_WARN_EMPTY_BODY = YES;
				CLANG_WARN_ENUM_CONVERSION = YES;
				CLANG_WARN_INT_CONVERSION = YES;
				CLANG_WARN_OBJC_ROOT_CLASS = YES_ERROR;
				CLANG_WARN_UNREACHABLE_CODE = YES;
				CLANG_WARN__DUPLICATE_METHOD_MATCH = YES;
				"CODE_SIGN_IDENTITY[sdk=iphoneos*]" = "iPhone Developer";
				COPY_PHASE_STRIP = NO;
				DEBUG_INFORMATION_FORMAT = "dwarf-with-dsym";
				ENABLE_NS_ASSERTIONS = NO;
				ENABLE_STRICT_OBJC_MSGSEND = YES;
				GCC_C_LANGUAGE_STANDARD = gnu99;
				GCC_NO_COMMON_BLOCKS = YES;
				GCC_WARN_64_TO_32_BIT_CONVERSION = YES;
				GCC_WARN_ABOUT_RETURN_TYPE = YES_ERROR;
				GCC_WARN_UNDECLARED_SELECTOR = YES;
				GCC_WARN_UNINITIALIZED_AUTOS = YES_AGGRESSIVE;
				GCC_WARN_UNUSED_FUNCTION = YES;
				GCC_WARN_UNUSED_VARIABLE = YES;
				IPHONEOS_DEPLOYMENT_TARGET = 9.1;
				MTL_ENABLE_DEBUG_INFO = NO;
				SDKROOT = iphoneos;
				TARGETED_DEVICE_FAMILY = "1,2";
				VALIDATE_PRODUCT = YES;
			};
			name = Release;
		};
		C066EB861C05948E002390E6 /* Debug */ = {
			isa = XCBuildConfiguration;
			buildSettings = {
				ASSETCATALOG_COMPILER_APPICON_NAME = AppIcon;
				INFOPLIST_FILE = FastKitDemo/Info.plist;
				LD_RUNPATH_SEARCH_PATHS = "$(inherited) @executable_path/Frameworks";
				PRODUCT_BUNDLE_IDENTIFIER = com.lixinxing.FastKitDemo;
				PRODUCT_NAME = "$(TARGET_NAME)";
			};
			name = Debug;
		};
		C066EB871C05948E002390E6 /* Release */ = {
			isa = XCBuildConfiguration;
			buildSettings = {
				ASSETCATALOG_COMPILER_APPICON_NAME = AppIcon;
				INFOPLIST_FILE = FastKitDemo/Info.plist;
				LD_RUNPATH_SEARCH_PATHS = "$(inherited) @executable_path/Frameworks";
				PRODUCT_BUNDLE_IDENTIFIER = com.lixinxing.FastKitDemo;
				PRODUCT_NAME = "$(TARGET_NAME)";
			};
			name = Release;
		};
/* End XCBuildConfiguration section */

/* Begin XCConfigurationList section */
		C066EB691C05948E002390E6 /* Build configuration list for PBXProject "FastKitDemo" */ = {
			isa = XCConfigurationList;
			buildConfigurations = (
				C066EB831C05948E002390E6 /* Debug */,
				C066EB841C05948E002390E6 /* Release */,
			);
			defaultConfigurationIsVisible = 0;
			defaultConfigurationName = Release;
		};
		C066EB851C05948E002390E6 /* Build configuration list for PBXNativeTarget "FastKitDemo" */ = {
			isa = XCConfigurationList;
			buildConfigurations = (
				C066EB861C05948E002390E6 /* Debug */,
				C066EB871C05948E002390E6 /* Release */,
			);
			defaultConfigurationIsVisible = 0;
			defaultConfigurationName = Release;
		};
/* End XCConfigurationList section */
	};
	rootObject = C066EB661C05948E002390E6 /* Project object */;
}
